
Microsoft Visual Studio Solution File, Format Version 12.00
# Visual Studio Version 17
VisualStudioVersion = 17.4.33213.308
MinimumVisualStudioVersion = 10.0.40219.1
Project("{FAE04EC0-301F-11D3-BF4B-00C04F79EFBC}") = "Zombie Game", "Zombie Game\Zombie Game.csproj", "{0055B3D4-0019-4B19-B64B-D2E89B4E8291}"
EndProject
Global
	GlobalSection(SolutionConfigurationPlatforms) = preSolution
		Debug|Any CPU = Debug|Any CPU
		Release|Any CPU = Release|Any CPU
	EndGlobalSection
	GlobalSection(ProjectConfigurationPlatforms) = postSolution
		{0055B3D4-0019-4B19-B64B-D2E89B4E8291}.Debug|Any CPU.ActiveCfg = Debug|Any CPU
		{0055B3D4-0019-4B19-B64B-D2E89B4E8291}.Debug|Any CPU.Build.0 = Debug|Any CPU
		{0055B3D4-0019-4B19-B64B-D2E89B4E8291}.Release|Any CPU.ActiveCfg = Release|Any CPU
		{0055B3D4-0019-4B19-B64B-D2E89B4E8291}.Release|Any CPU.Build.0 = Release|Any CPU
	EndGlobalSection
	GlobalSection(SolutionProperties) = preSolution
		HideSolutionNode = FALSE
	EndGlobalSection
	GlobalSection(ExtensibilityGlobals) = postSolution
		SolutionGuid = {4CA64F23-5BDC-4163-B44B-A516F9F9020F}
	EndGlobalSection
EndGlobal
